{"resources":[{"mode":"managed","type":"aws_internet_gateway","name":"igw-04f7555cdefd7d61d","provider":"provider[\"registry.terraform.io/hashicorp/aws\"]","instances":[{"attributes":{"tags_all":{"Name":"project-igw","name":"job-vpc"},"timeouts":null,"vpc_id":"vpc-006a5df3c1fe74a41","arn":"arn:aws:ec2:eu-west-1:762075609880:internet-gateway/igw-04f7555cdefd7d61d","id":"igw-04f7555cdefd7d61d","owner_id":"762075609880","tags":{"Name":"project-igw","name":"job-vpc"}},"sensitive_attributes":[],"private":"eyJlMmJmYjczMC1lY2FhLTExZTYtOGY4OC0zNDM2M2JjN2M0YzAiOnsiY3JlYXRlIjoxMjAwMDAwMDAwMDAwLCJkZWxldGUiOjEyMDAwMDAwMDAwMDAsInVwZGF0ZSI6MTIwMDAwMDAwMDAwMH0sInNjaGVtYV92ZXJzaW9uIjoiMCJ9","schema_version":0}]},{"provider":"provider[\"registry.terraform.io/hashicorp/aws\"]","instances":[{"schema_version":0,"attributes":{"owner_id":"762075609880","timeouts":null,"arn":"arn:aws:ec2:eu-west-1:762075609880:route-table/rtb-01189934413da7ff3","propagating_vgws":[],"route":[],"id":"rtb-01189934413da7ff3","tags":{"name":"job-vpc","Name":"project-rtb-private4-eu-west-1b"},"vpc_id":"vpc-006a5df3c1fe74a41","tags_all":{"Name":"project-rtb-private4-eu-west-1b","name":"job-vpc"}},"sensitive_attributes":[],"private":"eyJlMmJmYjczMC1lY2FhLTExZTYtOGY4OC0zNDM2M2JjN2M0YzAiOnsiY3JlYXRlIjozMDAwMDAwMDAwMDAsImRlbGV0ZSI6MzAwMDAwMDAwMDAwLCJ1cGRhdGUiOjEyMDAwMDAwMDAwMH0sInNjaGVtYV92ZXJzaW9uIjoiMCJ9"}],"mode":"managed","type":"aws_route_table","name":"rtb-01189934413da7ff3"},{"name":"rtb-0246fc2fff0813c8d","provider":"provider[\"registry.terraform.io/hashicorp/aws\"]","instances":[{"attributes":{"owner_id":"762075609880","tags_all":{"Name":"project-rtb-public","name":"job-vpc"},"route":[{"destination_prefix_list_id":"","cidr_block":"0.0.0.0/0","core_network_arn":"","egress_only_gateway_id":"","ipv6_cidr_block":"","local_gateway_id":"","nat_gateway_id":"","vpc_endpoint_id":"","network_interface_id":"","transit_gateway_id":"","vpc_peering_connection_id":"","carrier_gateway_id":"","gateway_id":"igw-04f7555cdefd7d61d"}],"tags":{"Name":"project-rtb-public","name":"job-vpc"},"vpc_id":"vpc-006a5df3c1fe74a41","arn":"arn:aws:ec2:eu-west-1:762075609880:route-table/rtb-0246fc2fff0813c8d","timeouts":null,"id":"rtb-0246fc2fff0813c8d","propagating_vgws":[]},"sensitive_attributes":[],"private":"eyJlMmJmYjczMC1lY2FhLTExZTYtOGY4OC0zNDM2M2JjN2M0YzAiOnsiY3JlYXRlIjozMDAwMDAwMDAwMDAsImRlbGV0ZSI6MzAwMDAwMDAwMDAwLCJ1cGRhdGUiOjEyMDAwMDAwMDAwMH0sInNjaGVtYV92ZXJzaW9uIjoiMCJ9","schema_version":0}],"mode":"managed","type":"aws_route_table"},{"mode":"managed","type":"aws_route_table","name":"rtb-073277ff7ce6c033c","provider":"provider[\"registry.terraform.io/hashicorp/aws\"]","instances":[{"schema_version":0,"attributes":{"tags_all":{"Name":"project-rtb-private2-eu-west-1b","name":"job-vpc"},"arn":"arn:aws:ec2:eu-west-1:762075609880:route-table/rtb-073277ff7ce6c033c","owner_id":"762075609880","route":[],"tags":{"Name":"project-rtb-private2-eu-west-1b","name":"job-vpc"},"timeouts":null,"id":"rtb-073277ff7ce6c033c","vpc_id":"vpc-006a5df3c1fe74a41","propagating_vgws":[]},"sensitive_attributes":[],"private":"eyJlMmJmYjczMC1lY2FhLTExZTYtOGY4OC0zNDM2M2JjN2M0YzAiOnsiY3JlYXRlIjozMDAwMDAwMDAwMDAsImRlbGV0ZSI6MzAwMDAwMDAwMDAwLCJ1cGRhdGUiOjEyMDAwMDAwMDAwMH0sInNjaGVtYV92ZXJzaW9uIjoiMCJ9"}]},{"name":"rtb-08cee185b4bf40fd3","provider":"provider[\"registry.terraform.io/hashicorp/aws\"]","instances":[{"schema_version":0,"attributes":{"arn":"arn:aws:ec2:eu-west-1:762075609880:route-table/rtb-08cee185b4bf40fd3","id":"rtb-08cee185b4bf40fd3","vpc_id":"vpc-006a5df3c1fe74a41","propagating_vgws":[],"tags":{"name":"job-vpc","Name":"project-rtb-private1-eu-west-1a"},"owner_id":"762075609880","tags_all":{"Name":"project-rtb-private1-eu-west-1a","name":"job-vpc"},"timeouts":null,"route":[]},"sensitive_attributes":[],"private":"eyJlMmJmYjczMC1lY2FhLTExZTYtOGY4OC0zNDM2M2JjN2M0YzAiOnsiY3JlYXRlIjozMDAwMDAwMDAwMDAsImRlbGV0ZSI6MzAwMDAwMDAwMDAwLCJ1cGRhdGUiOjEyMDAwMDAwMDAwMH0sInNjaGVtYV92ZXJzaW9uIjoiMCJ9"}],"mode":"managed","type":"aws_route_table"},{"provider":"provider[\"registry.terraform.io/hashicorp/aws\"]","instances":[{"sensitive_attributes":[],"private":"eyJlMmJmYjczMC1lY2FhLTExZTYtOGY4OC0zNDM2M2JjN2M0YzAiOnsiY3JlYXRlIjozMDAwMDAwMDAwMDAsImRlbGV0ZSI6MzAwMDAwMDAwMDAwLCJ1cGRhdGUiOjEyMDAwMDAwMDAwMH0sInNjaGVtYV92ZXJzaW9uIjoiMCJ9","schema_version":0,"attributes":{"owner_id":"762075609880","tags":{"Name":"project-rtb-private3-eu-west-1a","name":"job-vpc"},"propagating_vgws":[],"tags_all":{"Name":"project-rtb-private3-eu-west-1a","name":"job-vpc"},"timeouts":null,"id":"rtb-0d940ea4b95a9694b","route":[{"nat_gateway_id":"nat-0ac2b409a37ed9b99","carrier_gateway_id":"","cidr_block":"0.0.0.0/0","gateway_id":"","ipv6_cidr_block":"","transit_gateway_id":"","network_interface_id":"","egress_only_gateway_id":"","vpc_endpoint_id":"","vpc_peering_connection_id":"","core_network_arn":"","destination_prefix_list_id":"","local_gateway_id":""}],"arn":"arn:aws:ec2:eu-west-1:762075609880:route-table/rtb-0d940ea4b95a9694b","vpc_id":"vpc-006a5df3c1fe74a41"}}],"mode":"managed","type":"aws_route_table","name":"rtb-0d940ea4b95a9694b"},{"instances":[{"attributes":{"gateway_id":"","id":"rtbassoc-017256ca5f8441511","route_table_id":"rtb-0d940ea4b95a9694b","subnet_id":"subnet-07da3e8eccb3f49f0","timeouts":null},"sensitive_attributes":[],"private":"eyJlMmJmYjczMC1lY2FhLTExZTYtOGY4OC0zNDM2M2JjN2M0YzAiOnsiY3JlYXRlIjozMDAwMDAwMDAwMDAsImRlbGV0ZSI6MzAwMDAwMDAwMDAwLCJ1cGRhdGUiOjEyMDAwMDAwMDAwMH0sInNjaGVtYV92ZXJzaW9uIjoiMCJ9","schema_version":0}],"mode":"managed","type":"aws_route_table_association","name":"subnet-07da3e8eccb3f49f0-rtb-0d940ea4b95a9694b","provider":"provider[\"registry.terraform.io/hashicorp/aws\"]"},{"instances":[{"sensitive_attributes":[],"private":"eyJlMmJmYjczMC1lY2FhLTExZTYtOGY4OC0zNDM2M2JjN2M0YzAiOnsiY3JlYXRlIjozMDAwMDAwMDAwMDAsImRlbGV0ZSI6MzAwMDAwMDAwMDAwLCJ1cGRhdGUiOjEyMDAwMDAwMDAwMH0sInNjaGVtYV92ZXJzaW9uIjoiMCJ9","schema_version":0,"attributes":{"gateway_id":"","id":"rtbassoc-064e21b0745ec05c7","route_table_id":"rtb-0246fc2fff0813c8d","subnet_id":"subnet-0c07e9f633b7ad321","timeouts":null}}],"mode":"managed","type":"aws_route_table_association","name":"subnet-0c07e9f633b7ad321-rtb-0246fc2fff0813c8d","provider":"provider[\"registry.terraform.io/hashicorp/aws\"]"},{"name":"subnet-0c57cb6149aa178b0-rtb-01189934413da7ff3","provider":"provider[\"registry.terraform.io/hashicorp/aws\"]","instances":[{"schema_version":0,"attributes":{"gateway_id":"","id":"rtbassoc-0d1f3d28ab48aa2a1","route_table_id":"rtb-01189934413da7ff3","subnet_id":"subnet-0c57cb6149aa178b0","timeouts":null},"sensitive_attributes":[],"private":"eyJlMmJmYjczMC1lY2FhLTExZTYtOGY4OC0zNDM2M2JjN2M0YzAiOnsiY3JlYXRlIjozMDAwMDAwMDAwMDAsImRlbGV0ZSI6MzAwMDAwMDAwMDAwLCJ1cGRhdGUiOjEyMDAwMDAwMDAwMH0sInNjaGVtYV92ZXJzaW9uIjoiMCJ9"}],"mode":"managed","type":"aws_route_table_association"},{"instances":[{"attributes":{"gateway_id":"","id":"rtbassoc-0870f5e64e33b906e","route_table_id":"rtb-0d940ea4b95a9694b","subnet_id":"subnet-0e5a6796900d224f5","timeouts":null},"sensitive_attributes":[],"private":"eyJlMmJmYjczMC1lY2FhLTExZTYtOGY4OC0zNDM2M2JjN2M0YzAiOnsiY3JlYXRlIjozMDAwMDAwMDAwMDAsImRlbGV0ZSI6MzAwMDAwMDAwMDAwLCJ1cGRhdGUiOjEyMDAwMDAwMDAwMH0sInNjaGVtYV92ZXJzaW9uIjoiMCJ9","schema_version":0}],"mode":"managed","type":"aws_route_table_association","name":"subnet-0e5a6796900d224f5-rtb-0d940ea4b95a9694b","provider":"provider[\"registry.terraform.io/hashicorp/aws\"]"},{"provider":"provider[\"registry.terraform.io/hashicorp/aws\"]","instances":[{"private":"eyJlMmJmYjczMC1lY2FhLTExZTYtOGY4OC0zNDM2M2JjN2M0YzAiOnsiY3JlYXRlIjozMDAwMDAwMDAwMDAsImRlbGV0ZSI6MzAwMDAwMDAwMDAwLCJ1cGRhdGUiOjEyMDAwMDAwMDAwMH0sInNjaGVtYV92ZXJzaW9uIjoiMCJ9","schema_version":0,"attributes":{"gateway_id":"","id":"rtbassoc-0e45e6b6ece9d81a4","route_table_id":"rtb-0246fc2fff0813c8d","subnet_id":"subnet-0ea9030fbd378293c","timeouts":null},"sensitive_attributes":[]}],"mode":"managed","type":"aws_route_table_association","name":"subnet-0ea9030fbd378293c-rtb-0246fc2fff0813c8d"},{"name":"subnet-07da3e8eccb3f49f0","provider":"provider[\"registry.terraform.io/hashicorp/aws\"]","instances":[{"sensitive_attributes":[],"private":"eyJlMmJmYjczMC1lY2FhLTExZTYtOGY4OC0zNDM2M2JjN2M0YzAiOnsiY3JlYXRlIjo2MDAwMDAwMDAwMDAsImRlbGV0ZSI6MTIwMDAwMDAwMDAwMH0sInNjaGVtYV92ZXJzaW9uIjoiMSJ9","schema_version":1,"attributes":{"cidr_block":"10.0.3.0/24","enable_dns64":false,"tags":{"Name":"private-app-subnet-1-ireland-a","name":"job-vpc"},"customer_owned_ipv4_pool":"","ipv6_native":false,"assign_ipv6_address_on_creation":false,"enable_resource_name_dns_aaaa_record_on_launch":false,"tags_all":{"Name":"private-app-subnet-1-ireland-a","name":"job-vpc"},"availability_zone_id":"euw1-az2","enable_resource_name_dns_a_record_on_launch":false,"outpost_arn":"","enable_lni_at_device_index":0,"arn":"arn:aws:ec2:eu-west-1:762075609880:subnet/subnet-07da3e8eccb3f49f0","map_customer_owned_ip_on_launch":false,"map_public_ip_on_launch":false,"private_dns_hostname_type_on_launch":"ip-name","vpc_id":"vpc-006a5df3c1fe74a41","id":"subnet-07da3e8eccb3f49f0","timeouts":null,"owner_id":"762075609880","ipv6_cidr_block":"","availability_zone":"eu-west-1a","ipv6_cidr_block_association_id":""}}],"mode":"managed","type":"aws_subnet"},{"mode":"managed","type":"aws_subnet","name":"subnet-0c07e9f633b7ad321","provider":"provider[\"registry.terraform.io/hashicorp/aws\"]","instances":[{"schema_version":1,"attributes":{"customer_owned_ipv4_pool":"","enable_resource_name_dns_aaaa_record_on_launch":false,"id":"subnet-0c07e9f633b7ad321","ipv6_cidr_block":"","enable_dns64":false,"arn":"arn:aws:ec2:eu-west-1:762075609880:subnet/subnet-0c07e9f633b7ad321","owner_id":"762075609880","availability_zone_id":"euw1-az2","map_customer_owned_ip_on_launch":false,"map_public_ip_on_launch":false,"timeouts":null,"vpc_id":"vpc-006a5df3c1fe74a41","private_dns_hostname_type_on_launch":"ip-name","tags_all":{"Name":"public-subnet-1-ireland-a","name":"job-vpc"},"ipv6_cidr_block_association_id":"","tags":{"Name":"public-subnet-1-ireland-a","name":"job-vpc"},"cidr_block":"10.0.1.0/24","assign_ipv6_address_on_creation":false,"availability_zone":"eu-west-1a","outpost_arn":"","enable_lni_at_device_index":0,"enable_resource_name_dns_a_record_on_launch":false,"ipv6_native":false},"sensitive_attributes":[],"private":"eyJlMmJmYjczMC1lY2FhLTExZTYtOGY4OC0zNDM2M2JjN2M0YzAiOnsiY3JlYXRlIjo2MDAwMDAwMDAwMDAsImRlbGV0ZSI6MTIwMDAwMDAwMDAwMH0sInNjaGVtYV92ZXJzaW9uIjoiMSJ9"}]},{"name":"subnet-0c57cb6149aa178b0","provider":"provider[\"registry.terraform.io/hashicorp/aws\"]","instances":[{"private":"eyJlMmJmYjczMC1lY2FhLTExZTYtOGY4OC0zNDM2M2JjN2M0YzAiOnsiY3JlYXRlIjo2MDAwMDAwMDAwMDAsImRlbGV0ZSI6MTIwMDAwMDAwMDAwMH0sInNjaGVtYV92ZXJzaW9uIjoiMSJ9","schema_version":1,"attributes":{"vpc_id":"vpc-006a5df3c1fe74a41","tags_all":{"name":"job-vpc","Name":"db-subnet-2-ireland-b"},"enable_lni_at_device_index":0,"id":"subnet-0c57cb6149aa178b0","ipv6_cidr_block":"","enable_resource_name_dns_aaaa_record_on_launch":false,"availability_zone_id":"euw1-az3","tags":{"Name":"db-subnet-2-ireland-b","name":"job-vpc"},"owner_id":"762075609880","cidr_block":"10.0.6.0/24","enable_dns64":false,"map_public_ip_on_launch":false,"assign_ipv6_address_on_creation":false,"enable_resource_name_dns_a_record_on_launch":false,"outpost_arn":"","availability_zone":"eu-west-1b","timeouts":null,"customer_owned_ipv4_pool":"","arn":"arn:aws:ec2:eu-west-1:762075609880:subnet/subnet-0c57cb6149aa178b0","ipv6_cidr_block_association_id":"","private_dns_hostname_type_on_launch":"ip-name","ipv6_native":false,"map_customer_owned_ip_on_launch":false},"sensitive_attributes":[]}],"mode":"managed","type":"aws_subnet"},{"mode":"managed","type":"aws_subnet","name":"subnet-0cbf814182b370f0b","provider":"provider[\"registry.terraform.io/hashicorp/aws\"]","instances":[{"schema_version":1,"attributes":{"owner_id":"762075609880","vpc_id":"vpc-006a5df3c1fe74a41","tags_all":{"Name":"db-subnet-1-ireland-a","name":"job-vpc"},"enable_dns64":false,"private_dns_hostname_type_on_launch":"ip-name","arn":"arn:aws:ec2:eu-west-1:762075609880:subnet/subnet-0cbf814182b370f0b","enable_lni_at_device_index":0,"map_customer_owned_ip_on_launch":false,"availability_zone_id":"euw1-az2","timeouts":null,"assign_ipv6_address_on_creation":false,"cidr_block":"10.0.5.0/24","customer_owned_ipv4_pool":"","availability_zone":"eu-west-1a","enable_resource_name_dns_a_record_on_launch":false,"map_public_ip_on_launch":false,"ipv6_cidr_block_association_id":"","tags":{"Name":"db-subnet-1-ireland-a","name":"job-vpc"},"ipv6_cidr_block":"","outpost_arn":"","enable_resource_name_dns_aaaa_record_on_launch":false,"ipv6_native":false,"id":"subnet-0cbf814182b370f0b"},"sensitive_attributes":[],"private":"eyJlMmJmYjczMC1lY2FhLTExZTYtOGY4OC0zNDM2M2JjN2M0YzAiOnsiY3JlYXRlIjo2MDAwMDAwMDAwMDAsImRlbGV0ZSI6MTIwMDAwMDAwMDAwMH0sInNjaGVtYV92ZXJzaW9uIjoiMSJ9"}]},{"type":"aws_subnet","name":"subnet-0e5a6796900d224f5","provider":"provider[\"registry.terraform.io/hashicorp/aws\"]","instances":[{"attributes":{"ipv6_cidr_block_association_id":"","assign_ipv6_address_on_creation":false,"enable_resource_name_dns_aaaa_record_on_launch":false,"ipv6_native":false,"outpost_arn":"","availability_zone":"eu-west-1b","enable_dns64":false,"tags":{"Name":"private-app-subnet-1-ireland-b","name":"job-vpc"},"availability_zone_id":"euw1-az3","enable_resource_name_dns_a_record_on_launch":false,"ipv6_cidr_block":"","enable_lni_at_device_index":0,"private_dns_hostname_type_on_launch":"ip-name","customer_owned_ipv4_pool":"","map_public_ip_on_launch":false,"cidr_block":"10.0.4.0/24","id":"subnet-0e5a6796900d224f5","owner_id":"762075609880","arn":"arn:aws:ec2:eu-west-1:762075609880:subnet/subnet-0e5a6796900d224f5","timeouts":null,"tags_all":{"name":"job-vpc","Name":"private-app-subnet-1-ireland-b"},"vpc_id":"vpc-006a5df3c1fe74a41","map_customer_owned_ip_on_launch":false},"sensitive_attributes":[],"private":"eyJlMmJmYjczMC1lY2FhLTExZTYtOGY4OC0zNDM2M2JjN2M0YzAiOnsiY3JlYXRlIjo2MDAwMDAwMDAwMDAsImRlbGV0ZSI6MTIwMDAwMDAwMDAwMH0sInNjaGVtYV92ZXJzaW9uIjoiMSJ9","schema_version":1}],"mode":"managed"},{"mode":"managed","type":"aws_subnet","name":"subnet-0ea9030fbd378293c","provider":"provider[\"registry.terraform.io/hashicorp/aws\"]","instances":[{"sensitive_attributes":[],"private":"eyJlMmJmYjczMC1lY2FhLTExZTYtOGY4OC0zNDM2M2JjN2M0YzAiOnsiY3JlYXRlIjo2MDAwMDAwMDAwMDAsImRlbGV0ZSI6MTIwMDAwMDAwMDAwMH0sInNjaGVtYV92ZXJzaW9uIjoiMSJ9","schema_version":1,"attributes":{"assign_ipv6_address_on_creation":false,"enable_resource_name_dns_a_record_on_launch":false,"enable_resource_name_dns_aaaa_record_on_launch":false,"ipv6_cidr_block_association_id":"","ipv6_native":false,"enable_lni_at_device_index":0,"tags":{"Name":"public-subnet-2-ireland-b","name":"job-vpc"},"customer_owned_ipv4_pool":"","private_dns_hostname_type_on_launch":"ip-name","outpost_arn":"","map_customer_owned_ip_on_launch":false,"vpc_id":"vpc-006a5df3c1fe74a41","availability_zone":"eu-west-1b","arn":"arn:aws:ec2:eu-west-1:762075609880:subnet/subnet-0ea9030fbd378293c","tags_all":{"Name":"public-subnet-2-ireland-b","name":"job-vpc"},"map_public_ip_on_launch":false,"availability_zone_id":"euw1-az3","owner_id":"762075609880","timeouts":null,"ipv6_cidr_block":"","id":"subnet-0ea9030fbd378293c","enable_dns64":false,"cidr_block":"10.0.2.0/24"}}]},{"type":"aws_vpc","name":"vpc-006a5df3c1fe74a41","provider":"provider[\"registry.terraform.io/hashicorp/aws\"]","instances":[{"schema_version":1,"attributes":{"ipv6_cidr_block_network_border_group":"","default_security_group_id":"sg-013e4300d74ba543c","owner_id":"762075609880","enable_dns_support":true,"ipv6_cidr_block":"","assign_generated_ipv6_cidr_block":false,"id":"vpc-006a5df3c1fe74a41","instance_tenancy":"default","default_route_table_id":"rtb-083026bc3678e8b5b","default_network_acl_id":"acl-05b07ee2d3ba4d1ea","enable_dns_hostnames":true,"dhcp_options_id":"dopt-a97022cf","ipv6_netmask_length":0,"tags_all":{"Name":"Job-VPC","name":"job-vpc"},"enable_network_address_usage_metrics":false,"ipv6_association_id":"","tags":{"Name":"Job-VPC","name":"job-vpc"},"main_route_table_id":"rtb-083026bc3678e8b5b","ipv4_netmask_length":null,"arn":"arn:aws:ec2:eu-west-1:762075609880:vpc/vpc-006a5df3c1fe74a41","ipv4_ipam_pool_id":null,"ipv6_ipam_pool_id":"","cidr_block":"10.0.0.0/16"},"sensitive_attributes":[],"private":"eyJzY2hlbWFfdmVyc2lvbiI6IjEifQ=="}],"mode":"managed"}],"check_results":null,"version":4,"terraform_version":"1.5.7","serial":18,"lineage":"5cdf054e-cf59-ac8a-846f-736f544a596e","outputs":{}}
